
Microsoft Visual Studio Solution File, Format Version 12.00
# Visual Studio Version 17
VisualStudioVersion = 17.4.33213.308
MinimumVisualStudioVersion = 10.0.40219.1
Project("{2150E333-8FDC-42A3-9474-1A3956D46DE8}") = "01-CShapBasico", "01-CShapBasico", "{BAFA4969-5D48-4044-AE2F-E704EAE2ED50}"
EndProject
Project("{9A19103F-16F7-4668-BE54-9A1E7A4F7556}") = "CSharpBasico", "Modulo1-CSharpBasico\01-CSharpBasico\CSharpBasico.csproj", "{785534A8-9D68-436D-9146-9F5302C065FC}"
EndProject
Global
	GlobalSection(SolutionConfigurationPlatforms) = preSolution
		Debug|Any CPU = Debug|Any CPU
		Release|Any CPU = Release|Any CPU
	EndGlobalSection
	GlobalSection(ProjectConfigurationPlatforms) = postSolution
		{785534A8-9D68-436D-9146-9F5302C065FC}.Debug|Any CPU.ActiveCfg = Debug|Any CPU
		{785534A8-9D68-436D-9146-9F5302C065FC}.Debug|Any CPU.Build.0 = Debug|Any CPU
		{785534A8-9D68-436D-9146-9F5302C065FC}.Release|Any CPU.ActiveCfg = Release|Any CPU
		{785534A8-9D68-436D-9146-9F5302C065FC}.Release|Any CPU.Build.0 = Release|Any CPU
	EndGlobalSection
	GlobalSection(SolutionProperties) = preSolution
		HideSolutionNode = FALSE
	EndGlobalSection
	GlobalSection(NestedProjects) = preSolution
		{785534A8-9D68-436D-9146-9F5302C065FC} = {BAFA4969-5D48-4044-AE2F-E704EAE2ED50}
	EndGlobalSection
	GlobalSection(ExtensibilityGlobals) = postSolution
		SolutionGuid = {372D840A-F2A4-45B6-9CAE-EAB0C9A02A79}
	EndGlobalSection
EndGlobal
