
Microsoft Visual Studio Solution File, Format Version 12.00
# Visual Studio Version 17
VisualStudioVersion = 17.4.33213.308
MinimumVisualStudioVersion = 10.0.40219.1
Project("{2150E333-8FDC-42A3-9474-1A3956D46DE8}") = "Modulo1-CShapBasico-TiposDados", "Modulo1-CShapBasico-TiposDados", "{BAFA4969-5D48-4044-AE2F-E704EAE2ED50}"
EndProject
Project("{9A19103F-16F7-4668-BE54-9A1E7A4F7556}") = "Enumeradores", "Modulo1-CSharpBasico\TiposDados\Enuns\Enumeradores.csproj", "{17184885-CAC4-48C9-BF74-D304A2E68986}"
EndProject
Project("{FAE04EC0-301F-11D3-BF4B-00C04F79EFBC}") = "Listas", "Modulo1-CSharpBasico\TiposDados\Listas\Listas.csproj", "{01847E02-89A1-47DC-B302-F6BA7ABD65EF}"
EndProject
Global
	GlobalSection(SolutionConfigurationPlatforms) = preSolution
		Debug|Any CPU = Debug|Any CPU
		Release|Any CPU = Release|Any CPU
	EndGlobalSection
	GlobalSection(ProjectConfigurationPlatforms) = postSolution
		{17184885-CAC4-48C9-BF74-D304A2E68986}.Debug|Any CPU.ActiveCfg = Debug|Any CPU
		{17184885-CAC4-48C9-BF74-D304A2E68986}.Debug|Any CPU.Build.0 = Debug|Any CPU
		{17184885-CAC4-48C9-BF74-D304A2E68986}.Release|Any CPU.ActiveCfg = Release|Any CPU
		{17184885-CAC4-48C9-BF74-D304A2E68986}.Release|Any CPU.Build.0 = Release|Any CPU
		{01847E02-89A1-47DC-B302-F6BA7ABD65EF}.Debug|Any CPU.ActiveCfg = Debug|Any CPU
		{01847E02-89A1-47DC-B302-F6BA7ABD65EF}.Debug|Any CPU.Build.0 = Debug|Any CPU
		{01847E02-89A1-47DC-B302-F6BA7ABD65EF}.Release|Any CPU.ActiveCfg = Release|Any CPU
		{01847E02-89A1-47DC-B302-F6BA7ABD65EF}.Release|Any CPU.Build.0 = Release|Any CPU
	EndGlobalSection
	GlobalSection(SolutionProperties) = preSolution
		HideSolutionNode = FALSE
	EndGlobalSection
	GlobalSection(NestedProjects) = preSolution
		{17184885-CAC4-48C9-BF74-D304A2E68986} = {BAFA4969-5D48-4044-AE2F-E704EAE2ED50}
		{01847E02-89A1-47DC-B302-F6BA7ABD65EF} = {BAFA4969-5D48-4044-AE2F-E704EAE2ED50}
	EndGlobalSection
	GlobalSection(ExtensibilityGlobals) = postSolution
		SolutionGuid = {372D840A-F2A4-45B6-9CAE-EAB0C9A02A79}
	EndGlobalSection
EndGlobal
